
Microsoft Visual Studio Solution File, Format Version 12.00
# Visual Studio Version 17
VisualStudioVersion = 17.7.34221.43
MinimumVisualStudioVersion = 10.0.40219.1
Project("{FAE04EC0-301F-11D3-BF4B-00C04F79EFBC}") = "Codility-CountSemiprimes", "Codility-CountSemiprimes\Codility-CountSemiprimes.csproj", "{A524714A-CCBC-46CD-99B6-A3CC95F69B0B}"
EndProject
Project("{FAE04EC0-301F-11D3-BF4B-00C04F79EFBC}") = "Codility-CountSemiprimesTests", "Codility-CountSemiprimesTests\Codility-CountSemiprimesTests.csproj", "{D83E5E08-9ED8-42B6-B33A-D37973DC8BFD}"
EndProject
Global
	GlobalSection(SolutionConfigurationPlatforms) = preSolution
		Debug|Any CPU = Debug|Any CPU
		Release|Any CPU = Release|Any CPU
	EndGlobalSection
	GlobalSection(ProjectConfigurationPlatforms) = postSolution
		{A524714A-CCBC-46CD-99B6-A3CC95F69B0B}.Debug|Any CPU.ActiveCfg = Debug|Any CPU
		{A524714A-CCBC-46CD-99B6-A3CC95F69B0B}.Debug|Any CPU.Build.0 = Debug|Any CPU
		{A524714A-CCBC-46CD-99B6-A3CC95F69B0B}.Release|Any CPU.ActiveCfg = Release|Any CPU
		{A524714A-CCBC-46CD-99B6-A3CC95F69B0B}.Release|Any CPU.Build.0 = Release|Any CPU
		{D83E5E08-9ED8-42B6-B33A-D37973DC8BFD}.Debug|Any CPU.ActiveCfg = Debug|Any CPU
		{D83E5E08-9ED8-42B6-B33A-D37973DC8BFD}.Debug|Any CPU.Build.0 = Debug|Any CPU
		{D83E5E08-9ED8-42B6-B33A-D37973DC8BFD}.Release|Any CPU.ActiveCfg = Release|Any CPU
		{D83E5E08-9ED8-42B6-B33A-D37973DC8BFD}.Release|Any CPU.Build.0 = Release|Any CPU
	EndGlobalSection
	GlobalSection(SolutionProperties) = preSolution
		HideSolutionNode = FALSE
	EndGlobalSection
	GlobalSection(ExtensibilityGlobals) = postSolution
		SolutionGuid = {3E287877-3B9C-4999-B28E-2BA6424F7B14}
	EndGlobalSection
EndGlobal
